
Microsoft Visual Studio Solution File, Format Version 12.00
# Visual Studio Version 17
VisualStudioVersion = 17.4.33213.308
MinimumVisualStudioVersion = 10.0.40219.1
Project("{FAE04EC0-301F-11D3-BF4B-00C04F79EFBC}") = "FormProject.Data", "FormProject.Data\FormProject.Data.csproj", "{945A305B-A601-4A35-AC81-A9C4B9E2C886}"
EndProject
Project("{FAE04EC0-301F-11D3-BF4B-00C04F79EFBC}") = "FormProject.Entity", "FormProject.Entity\FormProject.Entity.csproj", "{31C14CDD-4231-4345-9185-634A0D48A169}"
EndProject
Project("{FAE04EC0-301F-11D3-BF4B-00C04F79EFBC}") = "FormProject.Business", "FormProject.Business\FormProject.Business.csproj", "{E0BBBE83-739B-4CE8-8FB3-99A96578862F}"
EndProject
Project("{FAE04EC0-301F-11D3-BF4B-00C04F79EFBC}") = "FormProject.Core", "FormProject.Core\FormProject.Core.csproj", "{2A611793-837B-4863-839C-9D0F39C28DFD}"
EndProject
Project("{FAE04EC0-301F-11D3-BF4B-00C04F79EFBC}") = "FormProject.MVC", "FormProject.MVC\FormProject.MVC.csproj", "{B4DE2D59-F1E9-42A0-9B81-4F00CFAD3F34}"
EndProject
Global
	GlobalSection(SolutionConfigurationPlatforms) = preSolution
		Debug|Any CPU = Debug|Any CPU
		Release|Any CPU = Release|Any CPU
	EndGlobalSection
	GlobalSection(ProjectConfigurationPlatforms) = postSolution
		{945A305B-A601-4A35-AC81-A9C4B9E2C886}.Debug|Any CPU.ActiveCfg = Debug|Any CPU
		{945A305B-A601-4A35-AC81-A9C4B9E2C886}.Debug|Any CPU.Build.0 = Debug|Any CPU
		{945A305B-A601-4A35-AC81-A9C4B9E2C886}.Release|Any CPU.ActiveCfg = Release|Any CPU
		{945A305B-A601-4A35-AC81-A9C4B9E2C886}.Release|Any CPU.Build.0 = Release|Any CPU
		{31C14CDD-4231-4345-9185-634A0D48A169}.Debug|Any CPU.ActiveCfg = Debug|Any CPU
		{31C14CDD-4231-4345-9185-634A0D48A169}.Debug|Any CPU.Build.0 = Debug|Any CPU
		{31C14CDD-4231-4345-9185-634A0D48A169}.Release|Any CPU.ActiveCfg = Release|Any CPU
		{31C14CDD-4231-4345-9185-634A0D48A169}.Release|Any CPU.Build.0 = Release|Any CPU
		{E0BBBE83-739B-4CE8-8FB3-99A96578862F}.Debug|Any CPU.ActiveCfg = Debug|Any CPU
		{E0BBBE83-739B-4CE8-8FB3-99A96578862F}.Debug|Any CPU.Build.0 = Debug|Any CPU
		{E0BBBE83-739B-4CE8-8FB3-99A96578862F}.Release|Any CPU.ActiveCfg = Release|Any CPU
		{E0BBBE83-739B-4CE8-8FB3-99A96578862F}.Release|Any CPU.Build.0 = Release|Any CPU
		{2A611793-837B-4863-839C-9D0F39C28DFD}.Debug|Any CPU.ActiveCfg = Debug|Any CPU
		{2A611793-837B-4863-839C-9D0F39C28DFD}.Debug|Any CPU.Build.0 = Debug|Any CPU
		{2A611793-837B-4863-839C-9D0F39C28DFD}.Release|Any CPU.ActiveCfg = Release|Any CPU
		{2A611793-837B-4863-839C-9D0F39C28DFD}.Release|Any CPU.Build.0 = Release|Any CPU
		{B4DE2D59-F1E9-42A0-9B81-4F00CFAD3F34}.Debug|Any CPU.ActiveCfg = Debug|Any CPU
		{B4DE2D59-F1E9-42A0-9B81-4F00CFAD3F34}.Debug|Any CPU.Build.0 = Debug|Any CPU
		{B4DE2D59-F1E9-42A0-9B81-4F00CFAD3F34}.Release|Any CPU.ActiveCfg = Release|Any CPU
		{B4DE2D59-F1E9-42A0-9B81-4F00CFAD3F34}.Release|Any CPU.Build.0 = Release|Any CPU
	EndGlobalSection
	GlobalSection(SolutionProperties) = preSolution
		HideSolutionNode = FALSE
	EndGlobalSection
	GlobalSection(ExtensibilityGlobals) = postSolution
		SolutionGuid = {8CC6CFFD-1EA8-4530-BFCA-6A016E8A687C}
	EndGlobalSection
EndGlobal
